# THIS IS AN AUTOGENERATED FILE. DO NOT EDIT THIS FILE DIRECTLY.
# yarn lockfile v1


"@polymer/polymer@^3.3.1":
  version "3.3.1"
  resolved "https://registry.yarnpkg.com/@polymer/polymer/-/polymer-3.3.1.tgz#9ad48992d2a96775f80b0673f3a615d6df8a3dfc"
  integrity sha512-8KaB48tzyMjdsHdxo5KvCAaqmTe7rYDzQAoj/pyEfq9Fp4YfUaS+/xqwYj0GbiDAUNzwkmEQ7dw9cgnRNdKO8A==
  dependencies:
    "@webcomponents/shadycss" "^1.9.1"

"@webcomponents/shadycss@^1.9.1":
  version "1.9.6"
  resolved "https://registry.yarnpkg.com/@webcomponents/shadycss/-/shadycss-1.9.6.tgz#a8c5db867e49200a05cf8d5008029c09b7861979"
  integrity sha512-5fFjvP0jQJZoXK6YzYeYcIDGJ5oEsdjr1L9VaYLw5yxNd4aRz4srMpwCwldeNG0A6Hvr9igbG7fCsBeiiCXd7A==

pinch-zoom-element@^1.1.1:
  version "1.1.1"
  resolved "https://registry.yarnpkg.com/pinch-zoom-element/-/pinch-zoom-element-1.1.1.tgz#ea86eb5fb93b2619bd70843ad012f07400e44c66"
  integrity sha512-aqgz+Fqw2UgMUUfxWD3UEE9YsgEyHKSma4Y2YQG+PlgX/0sTMafP8X663VlMME6G04OWyU3u2uyG86fbFEajug==
  dependencies:
    pointer-tracker "^2.0.3"

pointer-tracker@^2.0.3:
  version "2.3.0"
  resolved "https://registry.yarnpkg.com/pointer-tracker/-/pointer-tracker-2.3.0.tgz#d9dcd467accfb974fc8481adca36a41c8ce761a5"
  integrity sha512-2tQaxrI62yNRIE6jFkxCpa/nraqavDWPZH1WVVAEA9TlH7CWjqX6sfCsWwrWeSYcQwAiZ/l3YfqXNDp4aQIOCQ==
